
Microsoft Visual Studio Solution File, Format Version 12.00
# Visual Studio Version 17
VisualStudioVersion = 17.2.32616.157
MinimumVisualStudioVersion = 10.0.40219.1
Project("{9A19103F-16F7-4668-BE54-9A1E7A4F7556}") = "SampleWebAPI", "SampleWebAPI\SampleWebAPI.csproj", "{90C90D8D-DB33-409F-9D66-8A0ED746CA46}"
EndProject
Project("{FAE04EC0-301F-11D3-BF4B-00C04F79EFBC}") = "SimpleApp.Web", "SimpleApp.Web\SimpleApp.Web.csproj", "{8B99415D-9401-4ED3-AA6F-B60F3F1AF9A9}"
EndProject
Global
	GlobalSection(SolutionConfigurationPlatforms) = preSolution
		Debug|Any CPU = Debug|Any CPU
		Release|Any CPU = Release|Any CPU
	EndGlobalSection
	GlobalSection(ProjectConfigurationPlatforms) = postSolution
		{90C90D8D-DB33-409F-9D66-8A0ED746CA46}.Debug|Any CPU.ActiveCfg = Debug|Any CPU
		{90C90D8D-DB33-409F-9D66-8A0ED746CA46}.Debug|Any CPU.Build.0 = Debug|Any CPU
		{90C90D8D-DB33-409F-9D66-8A0ED746CA46}.Release|Any CPU.ActiveCfg = Release|Any CPU
		{90C90D8D-DB33-409F-9D66-8A0ED746CA46}.Release|Any CPU.Build.0 = Release|Any CPU
		{8B99415D-9401-4ED3-AA6F-B60F3F1AF9A9}.Debug|Any CPU.ActiveCfg = Debug|Any CPU
		{8B99415D-9401-4ED3-AA6F-B60F3F1AF9A9}.Debug|Any CPU.Build.0 = Debug|Any CPU
		{8B99415D-9401-4ED3-AA6F-B60F3F1AF9A9}.Release|Any CPU.ActiveCfg = Release|Any CPU
		{8B99415D-9401-4ED3-AA6F-B60F3F1AF9A9}.Release|Any CPU.Build.0 = Release|Any CPU
	EndGlobalSection
	GlobalSection(SolutionProperties) = preSolution
		HideSolutionNode = FALSE
	EndGlobalSection
	GlobalSection(ExtensibilityGlobals) = postSolution
		SolutionGuid = {F2F9433B-30DB-457E-98E4-ECB6515067B0}
	EndGlobalSection
EndGlobal
